
Microsoft Visual Studio Solution File, Format Version 12.00
# Visual Studio Version 16
VisualStudioVersion = 16.0.30011.22
MinimumVisualStudioVersion = 10.0.40219.1
Project("{FAE04EC0-301F-11D3-BF4B-00C04F79EFBC}") = "MyWaitAll", "MyWaitAll\MyWaitAll.csproj", "{A1DBF29B-F041-496C-8BEB-3006E850681A}"
EndProject
Project("{FAE04EC0-301F-11D3-BF4B-00C04F79EFBC}") = "Tests", "Tests\Tests.csproj", "{2393679F-FC78-4CB1-B598-158B14D659B4}"
EndProject
Project("{FAE04EC0-301F-11D3-BF4B-00C04F79EFBC}") = "ProvidersConsumers", "ProvidersConsumers\ProvidersConsumers.csproj", "{7EBA5673-DE20-4732-ADE2-630FC64248DB}"
EndProject
Global
	GlobalSection(SolutionConfigurationPlatforms) = preSolution
		Debug|Any CPU = Debug|Any CPU
		Release|Any CPU = Release|Any CPU
	EndGlobalSection
	GlobalSection(ProjectConfigurationPlatforms) = postSolution
		{A1DBF29B-F041-496C-8BEB-3006E850681A}.Debug|Any CPU.ActiveCfg = Debug|Any CPU
		{A1DBF29B-F041-496C-8BEB-3006E850681A}.Debug|Any CPU.Build.0 = Debug|Any CPU
		{A1DBF29B-F041-496C-8BEB-3006E850681A}.Release|Any CPU.ActiveCfg = Release|Any CPU
		{A1DBF29B-F041-496C-8BEB-3006E850681A}.Release|Any CPU.Build.0 = Release|Any CPU
		{2393679F-FC78-4CB1-B598-158B14D659B4}.Debug|Any CPU.ActiveCfg = Debug|Any CPU
		{2393679F-FC78-4CB1-B598-158B14D659B4}.Debug|Any CPU.Build.0 = Debug|Any CPU
		{2393679F-FC78-4CB1-B598-158B14D659B4}.Release|Any CPU.ActiveCfg = Release|Any CPU
		{2393679F-FC78-4CB1-B598-158B14D659B4}.Release|Any CPU.Build.0 = Release|Any CPU
		{7EBA5673-DE20-4732-ADE2-630FC64248DB}.Debug|Any CPU.ActiveCfg = Debug|Any CPU
		{7EBA5673-DE20-4732-ADE2-630FC64248DB}.Debug|Any CPU.Build.0 = Debug|Any CPU
		{7EBA5673-DE20-4732-ADE2-630FC64248DB}.Release|Any CPU.ActiveCfg = Release|Any CPU
		{7EBA5673-DE20-4732-ADE2-630FC64248DB}.Release|Any CPU.Build.0 = Release|Any CPU
	EndGlobalSection
	GlobalSection(SolutionProperties) = preSolution
		HideSolutionNode = FALSE
	EndGlobalSection
	GlobalSection(ExtensibilityGlobals) = postSolution
		SolutionGuid = {F57C6384-9A10-4506-9F7A-05201796A7FA}
	EndGlobalSection
	GlobalSection(TeamFoundationVersionControl) = preSolution
		SccNumberOfProjects = 4
		SccEnterpriseProvider = {4CA58AB2-18FA-4F8D-95D4-32DDF27D184C}
		SccTeamFoundationServer = https://dev.azure.com/veeamacademy
		SccLocalPath0 = .
		SccProjectUniqueName1 = MyWaitAll\\MyWaitAll.csproj
		SccProjectName1 = MyWaitAll
		SccLocalPath1 = MyWaitAll
		SccProjectUniqueName2 = Tests\\Tests.csproj
		SccProjectName2 = Tests
		SccLocalPath2 = Tests
		SccProjectUniqueName3 = ProvidersConsumers\\ProvidersConsumers.csproj
		SccProjectName3 = ProvidersConsumers
		SccLocalPath3 = ProvidersConsumers
	EndGlobalSection
EndGlobal
