
Microsoft Visual Studio Solution File, Format Version 12.00
# Visual Studio Version 16
VisualStudioVersion = 16.0.30011.22
MinimumVisualStudioVersion = 10.0.40219.1
Project("{FAE04EC0-301F-11D3-BF4B-00C04F79EFBC}") = "Joiner", "Joiner\Joiner.csproj", "{2202F2E3-00FA-4251-9B1C-027F365E5811}"
EndProject
Global
	GlobalSection(SolutionConfigurationPlatforms) = preSolution
		Debug|Any CPU = Debug|Any CPU
		Release|Any CPU = Release|Any CPU
	EndGlobalSection
	GlobalSection(ProjectConfigurationPlatforms) = postSolution
		{2202F2E3-00FA-4251-9B1C-027F365E5811}.Debug|Any CPU.ActiveCfg = Debug|Any CPU
		{2202F2E3-00FA-4251-9B1C-027F365E5811}.Debug|Any CPU.Build.0 = Debug|Any CPU
		{2202F2E3-00FA-4251-9B1C-027F365E5811}.Release|Any CPU.ActiveCfg = Release|Any CPU
		{2202F2E3-00FA-4251-9B1C-027F365E5811}.Release|Any CPU.Build.0 = Release|Any CPU
	EndGlobalSection
	GlobalSection(SolutionProperties) = preSolution
		HideSolutionNode = FALSE
	EndGlobalSection
	GlobalSection(ExtensibilityGlobals) = postSolution
		SolutionGuid = {6E838DF6-4572-4B83-83B6-5A0FD582563C}
	EndGlobalSection
	GlobalSection(TeamFoundationVersionControl) = preSolution
		SccNumberOfProjects = 2
		SccEnterpriseProvider = {4CA58AB2-18FA-4F8D-95D4-32DDF27D184C}
		SccTeamFoundationServer = https://dev.azure.com/veeamacademy
		SccLocalPath0 = .
		SccProjectUniqueName1 = Joiner\\Joiner.csproj
		SccProjectName1 = Joiner
		SccLocalPath1 = Joiner
	EndGlobalSection
EndGlobal
