
Microsoft Visual Studio Solution File, Format Version 12.00
# Visual Studio Version 16
VisualStudioVersion = 16.0.29519.87
MinimumVisualStudioVersion = 10.0.40219.1
Project("{9A19103F-16F7-4668-BE54-9A1E7A4F7556}") = "Jinder.Poco", "Jinder.Poco\Jinder.Poco.csproj", "{4B720F32-FF83-4B67-84C6-2E0D79658EB5}"
EndProject
Project("{9A19103F-16F7-4668-BE54-9A1E7A4F7556}") = "Jinder.Api", "Jinder.Api\Jinder.Api.csproj", "{0B0B919E-9DD1-472A-A46E-C8E7D15D1CCB}"
EndProject
Project("{9A19103F-16F7-4668-BE54-9A1E7A4F7556}") = "Jinder.Test", "Jinder.Test\Jinder.Test.csproj", "{E624A733-ABBE-46F7-8470-656D65CEE91A}"
EndProject
Project("{9A19103F-16F7-4668-BE54-9A1E7A4F7556}") = "Jinder.Dal", "Jinder.Dal\Jinder.Dal.csproj", "{C7EF3599-AC7F-4112-9814-4E9E0F6B8555}"
EndProject
Project("{9A19103F-16F7-4668-BE54-9A1E7A4F7556}") = "Jinder.Core", "Jinder.Core\Jinder.Core.csproj", "{B260959F-0A81-41B3-86E7-99F20584DE85}"
EndProject
Project("{9A19103F-16F7-4668-BE54-9A1E7A4F7556}") = "Jinder.Desktop", "Jinder.Desktop\Jinder.Desktop.csproj", "{46783DD2-D56E-4AA4-9FE5-D39A67D47C69}"
EndProject
Project("{FAE04EC0-301F-11D3-BF4B-00C04F79EFBC}") = "Jinder.Auth", "Jinder.Auth\Jinder.Auth.csproj", "{F57176A8-5A79-4D69-95A6-38250A9A67FC}"
EndProject
Global
	GlobalSection(SolutionConfigurationPlatforms) = preSolution
		Debug|Any CPU = Debug|Any CPU
		Debug|x64 = Debug|x64
		Release|Any CPU = Release|Any CPU
		Release|x64 = Release|x64
	EndGlobalSection
	GlobalSection(ProjectConfigurationPlatforms) = postSolution
		{4B720F32-FF83-4B67-84C6-2E0D79658EB5}.Debug|Any CPU.ActiveCfg = Debug|Any CPU
		{4B720F32-FF83-4B67-84C6-2E0D79658EB5}.Debug|Any CPU.Build.0 = Debug|Any CPU
		{4B720F32-FF83-4B67-84C6-2E0D79658EB5}.Debug|x64.ActiveCfg = Debug|x64
		{4B720F32-FF83-4B67-84C6-2E0D79658EB5}.Debug|x64.Build.0 = Debug|x64
		{4B720F32-FF83-4B67-84C6-2E0D79658EB5}.Release|Any CPU.ActiveCfg = Release|Any CPU
		{4B720F32-FF83-4B67-84C6-2E0D79658EB5}.Release|Any CPU.Build.0 = Release|Any CPU
		{4B720F32-FF83-4B67-84C6-2E0D79658EB5}.Release|x64.ActiveCfg = Release|x64
		{4B720F32-FF83-4B67-84C6-2E0D79658EB5}.Release|x64.Build.0 = Release|x64
		{0B0B919E-9DD1-472A-A46E-C8E7D15D1CCB}.Debug|Any CPU.ActiveCfg = Debug|Any CPU
		{0B0B919E-9DD1-472A-A46E-C8E7D15D1CCB}.Debug|Any CPU.Build.0 = Debug|Any CPU
		{0B0B919E-9DD1-472A-A46E-C8E7D15D1CCB}.Debug|x64.ActiveCfg = Debug|x64
		{0B0B919E-9DD1-472A-A46E-C8E7D15D1CCB}.Debug|x64.Build.0 = Debug|x64
		{0B0B919E-9DD1-472A-A46E-C8E7D15D1CCB}.Release|Any CPU.ActiveCfg = Release|Any CPU
		{0B0B919E-9DD1-472A-A46E-C8E7D15D1CCB}.Release|Any CPU.Build.0 = Release|Any CPU
		{0B0B919E-9DD1-472A-A46E-C8E7D15D1CCB}.Release|x64.ActiveCfg = Release|x64
		{0B0B919E-9DD1-472A-A46E-C8E7D15D1CCB}.Release|x64.Build.0 = Release|x64
		{E624A733-ABBE-46F7-8470-656D65CEE91A}.Debug|Any CPU.ActiveCfg = Debug|Any CPU
		{E624A733-ABBE-46F7-8470-656D65CEE91A}.Debug|Any CPU.Build.0 = Debug|Any CPU
		{E624A733-ABBE-46F7-8470-656D65CEE91A}.Debug|x64.ActiveCfg = Debug|x64
		{E624A733-ABBE-46F7-8470-656D65CEE91A}.Debug|x64.Build.0 = Debug|x64
		{E624A733-ABBE-46F7-8470-656D65CEE91A}.Release|Any CPU.ActiveCfg = Release|Any CPU
		{E624A733-ABBE-46F7-8470-656D65CEE91A}.Release|Any CPU.Build.0 = Release|Any CPU
		{E624A733-ABBE-46F7-8470-656D65CEE91A}.Release|x64.ActiveCfg = Release|x64
		{E624A733-ABBE-46F7-8470-656D65CEE91A}.Release|x64.Build.0 = Release|x64
		{C7EF3599-AC7F-4112-9814-4E9E0F6B8555}.Debug|Any CPU.ActiveCfg = Debug|Any CPU
		{C7EF3599-AC7F-4112-9814-4E9E0F6B8555}.Debug|Any CPU.Build.0 = Debug|Any CPU
		{C7EF3599-AC7F-4112-9814-4E9E0F6B8555}.Debug|x64.ActiveCfg = Debug|x64
		{C7EF3599-AC7F-4112-9814-4E9E0F6B8555}.Debug|x64.Build.0 = Debug|x64
		{C7EF3599-AC7F-4112-9814-4E9E0F6B8555}.Release|Any CPU.ActiveCfg = Release|Any CPU
		{C7EF3599-AC7F-4112-9814-4E9E0F6B8555}.Release|Any CPU.Build.0 = Release|Any CPU
		{C7EF3599-AC7F-4112-9814-4E9E0F6B8555}.Release|x64.ActiveCfg = Release|x64
		{C7EF3599-AC7F-4112-9814-4E9E0F6B8555}.Release|x64.Build.0 = Release|x64
		{B260959F-0A81-41B3-86E7-99F20584DE85}.Debug|Any CPU.ActiveCfg = Debug|Any CPU
		{B260959F-0A81-41B3-86E7-99F20584DE85}.Debug|Any CPU.Build.0 = Debug|Any CPU
		{B260959F-0A81-41B3-86E7-99F20584DE85}.Debug|x64.ActiveCfg = Debug|x64
		{B260959F-0A81-41B3-86E7-99F20584DE85}.Debug|x64.Build.0 = Debug|x64
		{B260959F-0A81-41B3-86E7-99F20584DE85}.Release|Any CPU.ActiveCfg = Release|Any CPU
		{B260959F-0A81-41B3-86E7-99F20584DE85}.Release|Any CPU.Build.0 = Release|Any CPU
		{B260959F-0A81-41B3-86E7-99F20584DE85}.Release|x64.ActiveCfg = Release|x64
		{B260959F-0A81-41B3-86E7-99F20584DE85}.Release|x64.Build.0 = Release|x64
		{46783DD2-D56E-4AA4-9FE5-D39A67D47C69}.Debug|Any CPU.ActiveCfg = Debug|Any CPU
		{46783DD2-D56E-4AA4-9FE5-D39A67D47C69}.Debug|Any CPU.Build.0 = Debug|Any CPU
		{46783DD2-D56E-4AA4-9FE5-D39A67D47C69}.Debug|x64.ActiveCfg = Debug|Any CPU
		{46783DD2-D56E-4AA4-9FE5-D39A67D47C69}.Debug|x64.Build.0 = Debug|Any CPU
		{46783DD2-D56E-4AA4-9FE5-D39A67D47C69}.Release|Any CPU.ActiveCfg = Release|Any CPU
		{46783DD2-D56E-4AA4-9FE5-D39A67D47C69}.Release|Any CPU.Build.0 = Release|Any CPU
		{46783DD2-D56E-4AA4-9FE5-D39A67D47C69}.Release|x64.ActiveCfg = Release|Any CPU
		{46783DD2-D56E-4AA4-9FE5-D39A67D47C69}.Release|x64.Build.0 = Release|Any CPU
		{F57176A8-5A79-4D69-95A6-38250A9A67FC}.Debug|Any CPU.ActiveCfg = Debug|Any CPU
		{F57176A8-5A79-4D69-95A6-38250A9A67FC}.Debug|Any CPU.Build.0 = Debug|Any CPU
		{F57176A8-5A79-4D69-95A6-38250A9A67FC}.Debug|x64.ActiveCfg = Debug|Any CPU
		{F57176A8-5A79-4D69-95A6-38250A9A67FC}.Debug|x64.Build.0 = Debug|Any CPU
		{F57176A8-5A79-4D69-95A6-38250A9A67FC}.Release|Any CPU.ActiveCfg = Release|Any CPU
		{F57176A8-5A79-4D69-95A6-38250A9A67FC}.Release|Any CPU.Build.0 = Release|Any CPU
		{F57176A8-5A79-4D69-95A6-38250A9A67FC}.Release|x64.ActiveCfg = Release|Any CPU
		{F57176A8-5A79-4D69-95A6-38250A9A67FC}.Release|x64.Build.0 = Release|Any CPU
	EndGlobalSection
	GlobalSection(SolutionProperties) = preSolution
		HideSolutionNode = FALSE
	EndGlobalSection
	GlobalSection(ExtensibilityGlobals) = postSolution
		SolutionGuid = {A699BE2B-6B27-42AC-9272-1406284F04D5}
	EndGlobalSection
EndGlobal
